
Microsoft Visual Studio Solution File, Format Version 12.00
# Visual Studio Version 16
VisualStudioVersion = 16.0.31702.278
MinimumVisualStudioVersion = 10.0.40219.1
Project("{FAE04EC0-301F-11D3-BF4B-00C04F79EFBC}") = "Create_Tabel", "Create_Tabel.csproj", "{EF7A6A18-EE2A-4A88-9678-0910BB7F7983}"
EndProject
Global
	GlobalSection(SolutionConfigurationPlatforms) = preSolution
		Debug|Any CPU = Debug|Any CPU
		Release|Any CPU = Release|Any CPU
	EndGlobalSection
	GlobalSection(ProjectConfigurationPlatforms) = postSolution
		{EF7A6A18-EE2A-4A88-9678-0910BB7F7983}.Debug|Any CPU.ActiveCfg = Debug|Any CPU
		{EF7A6A18-EE2A-4A88-9678-0910BB7F7983}.Debug|Any CPU.Build.0 = Debug|Any CPU
		{EF7A6A18-EE2A-4A88-9678-0910BB7F7983}.Release|Any CPU.ActiveCfg = Release|Any CPU
		{EF7A6A18-EE2A-4A88-9678-0910BB7F7983}.Release|Any CPU.Build.0 = Release|Any CPU
	EndGlobalSection
	GlobalSection(SolutionProperties) = preSolution
		HideSolutionNode = FALSE
	EndGlobalSection
	GlobalSection(ExtensibilityGlobals) = postSolution
		SolutionGuid = {3DB29F96-D6BC-4474-9629-7CE9E9594135}
	EndGlobalSection
EndGlobal
